<?xml version="1.0" encoding="utf-8"?>
<Project ToolsVersion="4.0" xmlns="http://schemas.microsoft.com/developer/msbuild/2003">
  <ItemGroup>
    <ClCompile Include="CMUgraphicsLib\auxil.cpp" />
    <ClCompile Include="CMUgraphicsLib\CMUgraphics.cpp" />
    <ClCompile Include="CMUgraphicsLib\image.cpp" />
    <ClCompile Include="CMUgraphicsLib\jpegload.c" />
    <ClCompile Include="CMUgraphicsLib\keyqueue.cpp" />
    <ClCompile Include="CMUgraphicsLib\mousequeue.cpp" />
    <ClCompile Include="CMUgraphicsLib\windowinput.cpp" />
    <ClCompile Include="CMUgraphicsLib\jpeg\jcomapi.c" />
    <ClCompile Include="CMUgraphicsLib\jpeg\jcparam.c" />
    <ClCompile Include="CMUgraphicsLib\jpeg\jdapimin.c" />
    <ClCompile Include="CMUgraphicsLib\jpeg\jdapistd.c" />
    <ClCompile Include="CMUgraphicsLib\jpeg\jdatasrc.c" />
    <ClCompile Include="CMUgraphicsLib\jpeg\jdcoefct.c" />
    <ClCompile Include="CMUgraphicsLib\jpeg\jdcolor.c" />
    <ClCompile Include="CMUgraphicsLib\jpeg\jddctmgr.c" />
    <ClCompile Include="CMUgraphicsLib\jpeg\jdhuff.c" />
    <ClCompile Include="CMUgraphicsLib\jpeg\jdinput.c" />
    <ClCompile Include="CMUgraphicsLib\jpeg\jdmainct.c" />
    <ClCompile Include="CMUgraphicsLib\jpeg\jdmarker.c" />
    <ClCompile Include="CMUgraphicsLib\jpeg\jdmaster.c" />
    <ClCompile Include="CMUgraphicsLib\jpeg\jdmerge.c" />
    <ClCompile Include="CMUgraphicsLib\jpeg\jdphuff.c" />
    <ClCompile Include="CMUgraphicsLib\jpeg\jdpostct.c" />
    <ClCompile Include="CMUgraphicsLib\jpeg\jdsample.c" />
    <ClCompile Include="CMUgraphicsLib\jpeg\jdtrans.c" />
    <ClCompile Include="CMUgraphicsLib\jpeg\jerror.c" />
    <ClCompile Include="CMUgraphicsLib\jpeg\jidctflt.c" />
    <ClCompile Include="CMUgraphicsLib\jpeg\jidctfst.c" />
    <ClCompile Include="CMUgraphicsLib\jpeg\jidctint.c" />
    <ClCompile Include="CMUgraphicsLib\jpeg\jidctred.c" />
    <ClCompile Include="CMUgraphicsLib\jpeg\jmemmgr.c" />
    <ClCompile Include="CMUgraphicsLib\jpeg\jmemnobs.c" />
    <ClCompile Include="CMUgraphicsLib\jpeg\jquant1.c" />
    <ClCompile Include="CMUgraphicsLib\jpeg\jquant2.c" />
    <ClCompile Include="CMUgraphicsLib\jpeg\jutils.c" />
    <ClCompile Include="GUI\GUI.cpp" />
    <ClCompile Include="controller.cpp" />
    <ClCompile Include="main.cpp" />
    <ClCompile Include="Operations\opChngPenWidth.cpp" />
    <ClCompile Include="Operations\opAddCircle.cpp" />
    <ClCompile Include="Operations\opAddLINE.cpp" />
    <ClCompile Include="Operations\opAddOval.cpp" />
    <ClCompile Include="Operations\opAddPolygon.cpp" />
    <ClCompile Include="operations\opAddRect.cpp" />
    <ClCompile Include="Operations\opAddRegPolygon.cpp" />
    <ClCompile Include="Operations\opAddSquare.cpp" />
    <ClCompile Include="Operations\opAddTriangle.cpp" />
    <ClCompile Include="Operations\opChngDrawClr.cpp" />
    <ClCompile Include="Operations\opChngFillClr.cpp" />
    <ClCompile Include="Operations\opChngToPlayMode.cpp" />
    <ClCompile Include="Operations\opDeleteShape.cpp" />
    <ClCompile Include="Operations\opExit.cpp" />
    <ClCompile Include="Operations\Select.cpp" />
    <ClCompile Include="Shapes&amp;Graph\Circle.cpp" />
    <ClCompile Include="Shapes&amp;Graph\Graph.cpp" />
    <ClCompile Include="Shapes&amp;Graph\Line.cpp" />
    <ClCompile Include="Shapes&amp;Graph\Oval.cpp" />
    <ClCompile Include="Shapes&amp;Graph\Polygon.cpp" />
    <ClCompile Include="Shapes&amp;Graph\Rect.cpp" />
    <ClCompile Include="Shapes&amp;Graph\RegPolygon.cpp" />
    <ClCompile Include="Shapes&amp;Graph\Shape.cpp" />
    <ClCompile Include="Shapes&amp;Graph\Square.cpp" />
    <ClCompile Include="Shapes&amp;Graph\Triangle.cpp" />
    <ClCompile Include="Operations\opSave.cpp" />
    <ClCompile Include="CMUgraphicsLib\auxil.cpp">
      <Filter>GraphicsLib</Filter>
    </ClCompile>
    <ClCompile Include="CMUgraphicsLib\image.cpp">
      <Filter>GraphicsLib</Filter>
    </ClCompile>
    <ClCompile Include="CMUgraphicsLib\jpeg\jcomapi.c">
      <Filter>GraphicsLib</Filter>
    </ClCompile>
    <ClCompile Include="CMUgraphicsLib\jpeg\jcparam.c">
      <Filter>GraphicsLib</Filter>
    </ClCompile>
    <ClCompile Include="CMUgraphicsLib\jpeg\jdapimin.c">
      <Filter>GraphicsLib</Filter>
    </ClCompile>
    <ClCompile Include="CMUgraphicsLib\jpeg\jdapistd.c">
      <Filter>GraphicsLib</Filter>
    </ClCompile>
    <ClCompile Include="CMUgraphicsLib\jpeg\jdatasrc.c">
      <Filter>GraphicsLib</Filter>
    </ClCompile>
    <ClCompile Include="CMUgraphicsLib\jpeg\jdcoefct.c">
      <Filter>GraphicsLib</Filter>
    </ClCompile>
    <ClCompile Include="CMUgraphicsLib\jpeg\jdcolor.c">
      <Filter>GraphicsLib</Filter>
    </ClCompile>
    <ClCompile Include="CMUgraphicsLib\jpeg\jddctmgr.c">
      <Filter>GraphicsLib</Filter>
    </ClCompile>
    <ClCompile Include="CMUgraphicsLib\jpeg\jdhuff.c">
      <Filter>GraphicsLib</Filter>
    </ClCompile>
    <ClCompile Include="CMUgraphicsLib\jpeg\jdinput.c">
      <Filter>GraphicsLib</Filter>
    </ClCompile>
    <ClCompile Include="CMUgraphicsLib\jpeg\jdmainct.c">
      <Filter>GraphicsLib</Filter>
    </ClCompile>
    <ClCompile Include="CMUgraphicsLib\jpeg\jdmarker.c">
      <Filter>GraphicsLib</Filter>
    </ClCompile>
    <ClCompile Include="CMUgraphicsLib\jpeg\jdmaster.c">
      <Filter>GraphicsLib</Filter>
    </ClCompile>
    <ClCompile Include="CMUgraphicsLib\jpeg\jdmerge.c">
      <Filter>GraphicsLib</Filter>
    </ClCompile>
    <ClCompile Include="CMUgraphicsLib\jpeg\jdphuff.c">
      <Filter>GraphicsLib</Filter>
    </ClCompile>
    <ClCompile Include="CMUgraphicsLib\jpeg\jdpostct.c">
      <Filter>GraphicsLib</Filter>
    </ClCompile>
    <ClCompile Include="CMUgraphicsLib\jpeg\jdsample.c">
      <Filter>GraphicsLib</Filter>
    </ClCompile>
    <ClCompile Include="CMUgraphicsLib\jpeg\jdtrans.c">
      <Filter>GraphicsLib</Filter>
    </ClCompile>
    <ClCompile Include="CMUgraphicsLib\jpeg\jerror.c">
      <Filter>GraphicsLib</Filter>
    </ClCompile>
    <ClCompile Include="CMUgraphicsLib\jpeg\jidctflt.c">
      <Filter>GraphicsLib</Filter>
    </ClCompile>
    <ClCompile Include="CMUgraphicsLib\jpeg\jidctfst.c">
      <Filter>GraphicsLib</Filter>
    </ClCompile>
    <ClCompile Include="CMUgraphicsLib\jpeg\jidctint.c">
      <Filter>GraphicsLib</Filter>
    </ClCompile>
    <ClCompile Include="CMUgraphicsLib\jpeg\jidctred.c">
      <Filter>GraphicsLib</Filter>
    </ClCompile>
    <ClCompile Include="CMUgraphicsLib\jpeg\jmemmgr.c">
      <Filter>GraphicsLib</Filter>
    </ClCompile>
    <ClCompile Include="CMUgraphicsLib\jpeg\jmemnobs.c">
      <Filter>GraphicsLib</Filter>
    </ClCompile>
    <ClCompile Include="CMUgraphicsLib\jpegload.c">
      <Filter>GraphicsLib</Filter>
    </ClCompile>
    <ClCompile Include="CMUgraphicsLib\jpeg\jquant1.c">
      <Filter>GraphicsLib</Filter>
    </ClCompile>
    <ClCompile Include="CMUgraphicsLib\jpeg\jquant2.c">
      <Filter>GraphicsLib</Filter>
    </ClCompile>
    <ClCompile Include="CMUgraphicsLib\jpeg\jutils.c">
      <Filter>GraphicsLib</Filter>
    </ClCompile>
    <ClCompile Include="CMUgraphicsLib\keyqueue.cpp">
      <Filter>GraphicsLib</Filter>
    </ClCompile>
    <ClCompile Include="CMUgraphicsLib\mousequeue.cpp">
      <Filter>GraphicsLib</Filter>
    </ClCompile>
    <ClCompile Include="CMUgraphicsLib\windowinput.cpp">
      <Filter>GraphicsLib</Filter>
    </ClCompile>
    <ClCompile Include="operations\opAddRect.cpp">
      <Filter>Operations</Filter>
    </ClCompile>
    <ClCompile Include="CMUgraphicsLib\CMUgraphics.cpp">
      <Filter>GraphicsLib</Filter>
    </ClCompile>
    <ClCompile Include="GUI\GUI.cpp">
      <Filter>GUI</Filter>
    </ClCompile>
    <ClCompile Include="Shapes&amp;Graph\Graph.cpp">
      <Filter>Shapes&amp;Graph</Filter>
    </ClCompile>
    <ClCompile Include="Shapes&amp;Graph\Rect.cpp">
      <Filter>Shapes&amp;Graph</Filter>
    </ClCompile>
    <ClCompile Include="Shapes&amp;Graph\Shape.cpp">
      <Filter>Shapes&amp;Graph</Filter>
    </ClCompile>
    <ClCompile Include="Shapes&amp;Graph\Oval.cpp">
      <Filter>Shapes&amp;Graph</Filter>
    </ClCompile>
    <ClCompile Include="Operations\opAddOval.cpp">
      <Filter>Operations</Filter>
    </ClCompile>
    <ClCompile Include="Operations\opChngFillClr.cpp">
      <Filter>Operations</Filter>
    </ClCompile>
    <ClCompile Include="Operations\opAddPolygon.cpp">
      <Filter>Operations</Filter>
    </ClCompile>
    <ClCompile Include="Shapes&amp;Graph\Polygon.cpp">
      <Filter>Shapes&amp;Graph</Filter>
    </ClCompile>
    <ClCompile Include="Operations\opAddRegPolygon.cpp">
      <Filter>Operations</Filter>
    </ClCompile>
    <ClCompile Include="Shapes&amp;Graph\RegPolygon.cpp">
      <Filter>Shapes&amp;Graph</Filter>
    </ClCompile>
    <ClCompile Include="Operations\opDeleteShape.cpp">
      <Filter>Operations</Filter>
    </ClCompile>
    <ClCompile Include="Operations\opAddCircle.cpp">
      <Filter>Operations</Filter>
    </ClCompile>
    <ClCompile Include="Shapes&amp;Graph\Circle.cpp">
      <Filter>Shapes&amp;Graph</Filter>
    </ClCompile>
    <ClCompile Include="Shapes&amp;Graph\Line.cpp">
      <Filter>Shapes&amp;Graph</Filter>
    </ClCompile>
    <ClCompile Include="Operations\opAddLINE.cpp">
      <Filter>Operations</Filter>
    </ClCompile>
    <ClCompile Include="Operations\opAddSquare.cpp">
      <Filter>Operations</Filter>
    </ClCompile>
    <ClCompile Include="Shapes&amp;Graph\Square.cpp">
      <Filter>Shapes&amp;Graph</Filter>
    </ClCompile>
    <ClCompile Include="Operations\Select.cpp">
      <Filter>Operations</Filter>
    </ClCompile>
    <ClCompile Include="Shapes&amp;Graph\Triangle.cpp">
      <Filter>Shapes&amp;Graph</Filter>
    </ClCompile>
    <ClCompile Include="Operations\opAddTriangle.cpp">
      <Filter>Operations</Filter>
    </ClCompile>
    <ClCompile Include="Operations\opExit.cpp">
      <Filter>Operations</Filter>
    </ClCompile>
    <ClCompile Include="Operations\opChngDrawClr.cpp">
      <Filter>Operations</Filter>
    </ClCompile>
    <ClCompile Include="Operations\opChngPenWidth.cpp">
      <Filter>Operations</Filter>
    </ClCompile>
    <ClCompile Include="Operations\opChngToPlayMode.cpp">
      <Filter>Operations</Filter>
    </ClCompile>
    <ClCompile Include="Operations\opStickImage.cpp">
      <Filter>Operations</Filter>
    </ClCompile>
  </ItemGroup>
  <ItemGroup>
    <ClInclude Include="CMUgraphicsLib\auxil.h" />
    <ClInclude Include="CMUgraphicsLib\CMUgraphics.h" />
    <ClInclude Include="CMUgraphicsLib\colors.h" />
    <ClInclude Include="CMUgraphicsLib\error.h" />
    <ClInclude Include="CMUgraphicsLib\image.h" />
    <ClInclude Include="CMUgraphicsLib\jpegload.h" />
    <ClInclude Include="CMUgraphicsLib\keyqueue.h" />
    <ClInclude Include="CMUgraphicsLib\mousequeue.h" />
    <ClInclude Include="CMUgraphicsLib\version.h" />
    <ClInclude Include="CMUgraphicsLib\windowinput.h" />
    <ClInclude Include="CMUgraphicsLib\jpeg\jconfig.h" />
    <ClInclude Include="CMUgraphicsLib\jpeg\jdct.h" />
    <ClInclude Include="CMUgraphicsLib\jpeg\jdhuff.h" />
    <ClInclude Include="CMUgraphicsLib\jpeg\jerror.h" />
    <ClInclude Include="CMUgraphicsLib\jpeg\jinclude.h" />
    <ClInclude Include="CMUgraphicsLib\jpeg\jmemsys.h" />
    <ClInclude Include="CMUgraphicsLib\jpeg\jmorecfg.h" />
    <ClInclude Include="CMUgraphicsLib\jpeg\jpegint.h" />
    <ClInclude Include="CMUgraphicsLib\jpeg\jpeglib.h" />
    <ClInclude Include="CMUgraphicsLib\jpeg\jversion.h" />
    <ClInclude Include="GUI\GUI.h" />
    <ClInclude Include="controller.h" />
    <ClInclude Include="DEFS.h" />
    <ClInclude Include="Operations\opChngToPlayMode.h" />
    <ClInclude Include="Operations\opChngPenWidth.h" />
    <ClInclude Include="Operations\opAddCircle.h" />
    <ClInclude Include="Operations\opAddLINE.h" />
    <ClInclude Include="Operations\opAddOval.h" />
    <ClInclude Include="Operations\opAddPolygon.h" />
    <ClInclude Include="operations\opAddRect.h" />
    <ClInclude Include="Operations\opAddRegPolygon.h" />
    <ClInclude Include="Operations\opAddSquare.h" />
    <ClInclude Include="Operations\opAddTriangle.h" />
    <ClInclude Include="Operations\opChngDrawClr.h" />
    <ClInclude Include="Operations\opChngFillClr.h" />
    <ClInclude Include="Operations\opDeleteShape.h" />
    <ClInclude Include="operations\operation.h" />
    <ClInclude Include="Operations\opExit.h" />
    <ClInclude Include="Operations\Select.h" />
    <ClInclude Include="resource.h" />
    <ClInclude Include="Shapes&amp;Graph\Circle.h" />
    <ClInclude Include="Shapes&amp;Graph\Graph.h" />
    <ClInclude Include="Shapes&amp;Graph\Line.h" />
    <ClInclude Include="Shapes&amp;Graph\Oval.h" />
    <ClInclude Include="Shapes&amp;Graph\Polygon.h" />
    <ClInclude Include="Shapes&amp;Graph\Rect.h" />
    <ClInclude Include="Shapes&amp;Graph\RegPolygon.h" />
    <ClInclude Include="Shapes&amp;Graph\Shape.h" />
    <ClInclude Include="Shapes&amp;Graph\Square.h" />
    <ClInclude Include="Shapes&amp;Graph\Triangle.h" />
    <ClInclude Include="Operations\opSave.h" />
  </ItemGroup>
  <ItemGroup>
    <ResourceCompile Include="CIE202-project.rc" />
    <ClInclude Include="Shapes&amp;Graph\Graph.h">
      <Filter>Shapes&amp;Graph</Filter>
    </ClInclude>
    <ClInclude Include="Shapes&amp;Graph\Rect.h">
      <Filter>Shapes&amp;Graph</Filter>
    </ClInclude>
    <ClInclude Include="Shapes&amp;Graph\Shape.h">
      <Filter>Shapes&amp;Graph</Filter>
    </ClInclude>
    <ClInclude Include="Shapes&amp;Graph\Oval.h">
      <Filter>Shapes&amp;Graph</Filter>
    </ClInclude>
    <ClInclude Include="Operations\opAddOval.h">
      <Filter>Operations</Filter>
    </ClInclude>
    <ClInclude Include="Operations\opChngFillClr.h">
      <Filter>Operations</Filter>
    </ClInclude>
    <ClInclude Include="Operations\opAddPolygon.h">
      <Filter>Operations</Filter>
    </ClInclude>
    <ClInclude Include="Shapes&amp;Graph\Polygon.h">
      <Filter>Shapes&amp;Graph</Filter>
    </ClInclude>
    <ClInclude Include="Operations\opAddRegPolygon.h">
      <Filter>Operations</Filter>
    </ClInclude>
    <ClInclude Include="Shapes&amp;Graph\RegPolygon.h">
      <Filter>Shapes&amp;Graph</Filter>
    </ClInclude>
    <ClInclude Include="Operations\opDeleteShape.h">
      <Filter>Operations</Filter>
    </ClInclude>
    <ClInclude Include="Shapes&amp;Graph\Circle.h">
      <Filter>Shapes&amp;Graph</Filter>
    </ClInclude>
    <ClInclude Include="Shapes&amp;Graph\Line.h">
      <Filter>Shapes&amp;Graph</Filter>
    </ClInclude>
    <ClInclude Include="Operations\opAddCircle.h">
      <Filter>Operations</Filter>
    </ClInclude>
    <ClInclude Include="Operations\opAddLINE.h">
      <Filter>Operations</Filter>
    </ClInclude>
    <ClInclude Include="Operations\opAddSquare.h">
      <Filter>Operations</Filter>
    </ClInclude>
    <ClInclude Include="Shapes&amp;Graph\Square.h">
      <Filter>Shapes&amp;Graph</Filter>
    </ClInclude>
    <ClInclude Include="Operations\Select.h">
      <Filter>Operations</Filter>
    </ClInclude>
    <ClInclude Include="Shapes&amp;Graph\Triangle.h">
      <Filter>Shapes&amp;Graph</Filter>
    </ClInclude>
    <ClInclude Include="Operations\opAddTriangle.h">
      <Filter>Operations</Filter>
    </ClInclude>
    <ClInclude Include="Operations\opExit.h">
      <Filter>Operations</Filter>
    </ClInclude>
    <ClInclude Include="Operations\opChngDrawClr.h">
      <Filter>Operations</Filter>
    </ClInclude>
    <ClInclude Include="Operations\opChngPenWidth.h">
      <Filter>Operations</Filter>
    </ClInclude>
    <ClInclude Include="Operations\opChngToPlayMode.h">
      <Filter>Operations</Filter>
    </ClInclude>
    <ClInclude Include="Operations\opStickImage.h">
      <Filter>Operations</Filter>
    </ClInclude>
  </ItemGroup>
  <ItemGroup>
    <None Include="ClassDiagram.cd" />
    <None Include="README.md" />
    <None Include="Thumbs.db" />
    <None Include=".gitignore" />
    <None Include="CIE202-project.aps" />
    <None Include="UpgradeLog.htm" />
  </ItemGroup>
  <ItemGroup>
    <Image Include="Menu_Colorpallete.jpg" />
    <Image Include="DrawOrPlay.jpg" />
    <Image Include="ClassDiagram.jpg" />
    <Image Include="Images\MenuIcons\Menu_ColorPalette.jpg" />
    <Image Include="Images\MenuIcons\DrawOrPlay.jpg" />
    <Image Include="Images\MenuIcons\PlayMenu\Start.jpg" />
    <Image Include="Images\MenuIcons\PlayMenu\Draw or Play.jpg" />
    <Image Include="Images\MenuIcons\DrawMenu\Menu_Triangle.jpg" />
    <Image Include="Images\MenuIcons\DrawMenu\Menu_Undo.jpg" />
    <Image Include="Images\MenuIcons\DrawMenu\Oval.jpg" />
    <Image Include="Images\MenuIcons\DrawMenu\Menu_Circ.jpg" />
    <Image Include="Images\MenuIcons\DrawMenu\Menu_Copy.jpg" />
    <Image Include="Images\MenuIcons\DrawMenu\Menu_Cut.jpg" />
    <Image Include="Images\MenuIcons\DrawMenu\Menu_FillColor.jpg" />
    <Image Include="Images\MenuIcons\DrawMenu\Menu_Load.jpg" />
    <Image Include="Images\MenuIcons\DrawMenu\Menu_Exit.jpg" />
    <Image Include="Images\MenuIcons\DrawMenu\Menu_Delete.jpg" />
    <Image Include="Images\MenuIcons\DrawMenu\Menu_Line.jpg" />
    <Image Include="Images\MenuIcons\DrawMenu\Menu_Paste.jpg" />
    <Image Include="Images\MenuIcons\DrawMenu\Menu_PenColor.jpg" />
    <Image Include="Images\MenuIcons\DrawMenu\Menu_PenWidth.jpg" />
    <Image Include="Images\MenuIcons\DrawMenu\Menu_Polygon.jpg" />
    <Image Include="Images\MenuIcons\DrawMenu\Menu_Rect.JPG" />
    <Image Include="Images\MenuIcons\DrawMenu\Menu_Redo.jpg" />
    <Image Include="Images\MenuIcons\DrawMenu\Menu_RegPolygon.jpg" />
    <Image Include="Images\MenuIcons\DrawMenu\Menu_Save.jpg" />
    <Image Include="Images\MenuIcons\DrawMenu\Menu_Square.jpg" />
    <Image Include="Images\MenuIcons\DrawMenu\Menu_StickImage.jpg" />
    <Image Include="Images\MenuIcons\DrawMenu\Menu_Switch_to_PlayMode.jpg" />
  </ItemGroup>
  <ItemGroup>
    <Xml Include="UpgradeLog.XML" />
  </ItemGroup>
</Project>